
Microsoft Visual Studio Solution File, Format Version 12.00
# Visual Studio Version 16
VisualStudioVersion = 16.0.29102.190
MinimumVisualStudioVersion = 10.0.40219.1
Project("{FAE04EC0-301F-11D3-BF4B-00C04F79EFBC}") = "MadlibsGame", "MadlibsGame\MadlibsGame.csproj", "{478E2CC5-6EEA-44F8-9424-75A521A35928}"
EndProject
Global
	GlobalSection(SolutionConfigurationPlatforms) = preSolution
		Debug|Any CPU = Debug|Any CPU
		Release|Any CPU = Release|Any CPU
	EndGlobalSection
	GlobalSection(ProjectConfigurationPlatforms) = postSolution
		{478E2CC5-6EEA-44F8-9424-75A521A35928}.Debug|Any CPU.ActiveCfg = Debug|Any CPU
		{478E2CC5-6EEA-44F8-9424-75A521A35928}.Debug|Any CPU.Build.0 = Debug|Any CPU
		{478E2CC5-6EEA-44F8-9424-75A521A35928}.Release|Any CPU.ActiveCfg = Release|Any CPU
		{478E2CC5-6EEA-44F8-9424-75A521A35928}.Release|Any CPU.Build.0 = Release|Any CPU
	EndGlobalSection
	GlobalSection(SolutionProperties) = preSolution
		HideSolutionNode = FALSE
	EndGlobalSection
	GlobalSection(ExtensibilityGlobals) = postSolution
		SolutionGuid = {594833C8-D563-48F4-8E68-2FFFA7F873E5}
	EndGlobalSection
EndGlobal
